
Microsoft Visual Studio Solution File, Format Version 12.00
# Visual Studio Version 16
VisualStudioVersion = 16.0.29102.190
MinimumVisualStudioVersion = 10.0.40219.1
Project("{9A19103F-16F7-4668-BE54-9A1E7A4F7556}") = "Coding-Challenge-CSharp", "Coding-Challenge-CSharp\Coding-Challenge-CSharp.csproj", "{206F0BB4-E9DA-4C8E-BFAC-36109F994EFB}"
EndProject
Project("{FAE04EC0-301F-11D3-BF4B-00C04F79EFBC}") = "CodingChallengeCSharpTests", "CodingChallengeCSharpTests\CodingChallengeCSharpTests.csproj", "{925E5CD9-DFB0-4588-AB5C-158FC31807B2}"
EndProject
Global
	GlobalSection(SolutionConfigurationPlatforms) = preSolution
		Debug|Any CPU = Debug|Any CPU
		Release|Any CPU = Release|Any CPU
	EndGlobalSection
	GlobalSection(ProjectConfigurationPlatforms) = postSolution
		{206F0BB4-E9DA-4C8E-BFAC-36109F994EFB}.Debug|Any CPU.ActiveCfg = Debug|Any CPU
		{206F0BB4-E9DA-4C8E-BFAC-36109F994EFB}.Debug|Any CPU.Build.0 = Debug|Any CPU
		{206F0BB4-E9DA-4C8E-BFAC-36109F994EFB}.Release|Any CPU.ActiveCfg = Release|Any CPU
		{206F0BB4-E9DA-4C8E-BFAC-36109F994EFB}.Release|Any CPU.Build.0 = Release|Any CPU
		{925E5CD9-DFB0-4588-AB5C-158FC31807B2}.Debug|Any CPU.ActiveCfg = Debug|Any CPU
		{925E5CD9-DFB0-4588-AB5C-158FC31807B2}.Debug|Any CPU.Build.0 = Debug|Any CPU
		{925E5CD9-DFB0-4588-AB5C-158FC31807B2}.Release|Any CPU.ActiveCfg = Release|Any CPU
		{925E5CD9-DFB0-4588-AB5C-158FC31807B2}.Release|Any CPU.Build.0 = Release|Any CPU
	EndGlobalSection
	GlobalSection(SolutionProperties) = preSolution
		HideSolutionNode = FALSE
	EndGlobalSection
	GlobalSection(ExtensibilityGlobals) = postSolution
		SolutionGuid = {FA3582EB-C02F-479B-8204-545670CB7BB6}
	EndGlobalSection
EndGlobal
